
Microsoft Visual Studio Solution File, Format Version 12.00
# Visual Studio 14
VisualStudioVersion = 14.0.23107.0
MinimumVisualStudioVersion = 10.0.40219.1
Project("{FAE04EC0-301F-11D3-BF4B-00C04F79EFBC}") = "Xync", "Xync\Xync.csproj", "{F060C1DE-B325-465D-9261-5EAF658A5777}"
EndProject
Project("{FAE04EC0-301F-11D3-BF4B-00C04F79EFBC}") = "Xync.Abstracts", "Xync.Abstracts\Xync.Abstracts.csproj", "{A7001AF3-607B-4139-9764-DC3DC9EAE2EB}"
EndProject
Project("{FAE04EC0-301F-11D3-BF4B-00C04F79EFBC}") = "Xync.Utils", "Xync.Utils\Xync.Utils.csproj", "{98CCE80B-EF18-4D15-8B9A-BEC404821F17}"
EndProject
Global
	GlobalSection(SolutionConfigurationPlatforms) = preSolution
		Debug|Any CPU = Debug|Any CPU
		Release|Any CPU = Release|Any CPU
	EndGlobalSection
	GlobalSection(ProjectConfigurationPlatforms) = postSolution
		{F060C1DE-B325-465D-9261-5EAF658A5777}.Debug|Any CPU.ActiveCfg = Debug|Any CPU
		{F060C1DE-B325-465D-9261-5EAF658A5777}.Debug|Any CPU.Build.0 = Debug|Any CPU
		{F060C1DE-B325-465D-9261-5EAF658A5777}.Release|Any CPU.ActiveCfg = Release|Any CPU
		{F060C1DE-B325-465D-9261-5EAF658A5777}.Release|Any CPU.Build.0 = Release|Any CPU
		{A7001AF3-607B-4139-9764-DC3DC9EAE2EB}.Debug|Any CPU.ActiveCfg = Debug|Any CPU
		{A7001AF3-607B-4139-9764-DC3DC9EAE2EB}.Debug|Any CPU.Build.0 = Debug|Any CPU
		{A7001AF3-607B-4139-9764-DC3DC9EAE2EB}.Release|Any CPU.ActiveCfg = Release|Any CPU
		{A7001AF3-607B-4139-9764-DC3DC9EAE2EB}.Release|Any CPU.Build.0 = Release|Any CPU
		{98CCE80B-EF18-4D15-8B9A-BEC404821F17}.Debug|Any CPU.ActiveCfg = Debug|Any CPU
		{98CCE80B-EF18-4D15-8B9A-BEC404821F17}.Debug|Any CPU.Build.0 = Debug|Any CPU
		{98CCE80B-EF18-4D15-8B9A-BEC404821F17}.Release|Any CPU.ActiveCfg = Release|Any CPU
		{98CCE80B-EF18-4D15-8B9A-BEC404821F17}.Release|Any CPU.Build.0 = Release|Any CPU
	EndGlobalSection
	GlobalSection(SolutionProperties) = preSolution
		HideSolutionNode = FALSE
	EndGlobalSection
EndGlobal
